PODS:
  - Alamofire (5.6.2)
  - IQKeyboardManagerSwift (6.5.10)
  - Kingfisher (7.3.1)
  - ProgressHUD (13.6)

DEPENDENCIES:
  - Alamofire
  - IQKeyboardManagerSwift
  - Kingfisher
  - ProgressHUD

SPEC REPOS:
  https://cdn.cocoapods.org/:
    - Alamofire
    - IQKeyboardManagerSwift
    - Kingfisher
    - ProgressHUD

SPEC CHECKSUMS:
  Alamofire: d368e1ff8a298e6dde360e35a3e68e6c610e7204
  IQKeyboardManagerSwift: 52962c76ab33532f15ad9f3ff4e5715eda5335bb
  Kingfisher: f411ab4902e733fc0c40522920fb5a236d7a7334
  ProgressHUD: 4bdaa0d2ddf676b23324b199f9facffb5c3a1620

PODFILE CHECKSUM: 322a35b17c2706fdcbfcdd2d751e5226a117d360

COCOAPODS: 1.10.2
